
Microsoft Visual Studio Solution File, Format Version 12.00
# Visual Studio Version 17
VisualStudioVersion = 17.1.32210.238
MinimumVisualStudioVersion = 10.0.40219.1
Project("{2150E333-8FDC-42A3-9474-1A3956D46DE8}") = "01. Clients", "01. Clients", "{49ECE448-A23C-4E8C-861B-3A11EB87CCEC}"
EndProject
Project("{2150E333-8FDC-42A3-9474-1A3956D46DE8}") = "02. Api.Gateways", "02. Api.Gateways", "{E05C8382-01E8-47BB-AA1C-3290C0262BF2}"
EndProject
Project("{2150E333-8FDC-42A3-9474-1A3956D46DE8}") = "03. Services", "03. Services", "{262BB5E9-0F0B-4122-9A95-E6730542080D}"
EndProject
Project("{2150E333-8FDC-42A3-9474-1A3956D46DE8}") = "01. Identity", "01. Identity", "{E4E33734-8346-4107-B85F-50E2F95E9188}"
EndProject
Project("{2150E333-8FDC-42A3-9474-1A3956D46DE8}") = "02. Catalog", "02. Catalog", "{B7B9FDDC-7540-4E47-844C-5F5D5CA8E207}"
EndProject
Project("{2150E333-8FDC-42A3-9474-1A3956D46DE8}") = "03. Customer", "03. Customer", "{081DEF90-BDAC-49A0-BC14-C08F5D0FA004}"
EndProject
Project("{2150E333-8FDC-42A3-9474-1A3956D46DE8}") = "04. Order", "04. Order", "{B8CF2089-D828-494E-AD74-ABFE8D6D6D1A}"
EndProject
Project("{9A19103F-16F7-4668-BE54-9A1E7A4F7556}") = "Catalog.Api", "src\Services\Catalog\Catalog.Api\Catalog.Api.csproj", "{684653BE-AF16-4A70-92B2-BEE65F1A9854}"
EndProject
Project("{2150E333-8FDC-42A3-9474-1A3956D46DE8}") = "01. Api", "01. Api", "{78255782-7C07-45BC-9D0E-CF6488E06870}"
EndProject
Project("{2150E333-8FDC-42A3-9474-1A3956D46DE8}") = "02. Services", "02. Services", "{7BBFA6F7-DA78-42F3-85FB-70A61611D861}"
EndProject
Project("{2150E333-8FDC-42A3-9474-1A3956D46DE8}") = "03. Persistence", "03. Persistence", "{50AC55DC-9675-4610-BE8E-262370C77996}"
EndProject
Project("{2150E333-8FDC-42A3-9474-1A3956D46DE8}") = "04. Models", "04. Models", "{AD26D0BB-2C93-4873-9596-A8737422E87F}"
EndProject
Project("{9A19103F-16F7-4668-BE54-9A1E7A4F7556}") = "Catalog.Domain", "src\Services\Catalog\Catalog.Domain\Catalog.Domain.csproj", "{9195B9C5-86FF-4E84-BDA3-DE2C34346C19}"
EndProject
Project("{9A19103F-16F7-4668-BE54-9A1E7A4F7556}") = "Catalog.Presitence.Database", "src\Services\Catalog\Catalog.PresitenceDatabase\Catalog.Presitence.Database.csproj", "{66EC7E1B-3BFD-4416-97A9-23C5336B0BBA}"
EndProject
Project("{9A19103F-16F7-4668-BE54-9A1E7A4F7556}") = "Catalog.Services.Queries", "src\Services\Catalog\Catalog.Services.Queries\Catalog.Services.Queries.csproj", "{66FC9572-79C9-4F76-900C-8AABA3BF20AA}"
EndProject
Project("{2150E333-8FDC-42A3-9474-1A3956D46DE8}") = "Common", "Common", "{C2D117BE-88D9-4733-8D74-93CDE0C4D874}"
EndProject
Project("{9A19103F-16F7-4668-BE54-9A1E7A4F7556}") = "Service.Common.Collection", "src\Services\Service.Common.Collection\Service.Common.Collection.csproj", "{0007A26A-0AD7-4BD9-8353-7EFCD7B3855A}"
EndProject
Project("{9A19103F-16F7-4668-BE54-9A1E7A4F7556}") = "Service.Common.Mapping", "src\Services\Service.Common.Mapping\Service.Common.Mapping.csproj", "{8D07EE98-8DA4-4EAB-908D-12AA327A7DBA}"
EndProject
Project("{9A19103F-16F7-4668-BE54-9A1E7A4F7556}") = "Service.Common.Paging", "src\Services\Service.Common.Paging\Service.Common.Paging.csproj", "{90A06D6A-9511-4C64-B3DF-FA4D75E5B437}"
EndProject
Project("{2150E333-8FDC-42A3-9474-1A3956D46DE8}") = "05. Common", "05. Common", "{1EFEAA9B-CCDC-4CE2-9325-8C69ACC61034}"
EndProject
Project("{9A19103F-16F7-4668-BE54-9A1E7A4F7556}") = "Catalog.Common", "src\Services\Catalog\Catalog.Api\Catalog.Common\Catalog.Common.csproj", "{703BF253-92C9-47DD-996A-B4B2B7BBEEAB}"
EndProject
Project("{2150E333-8FDC-42A3-9474-1A3956D46DE8}") = "Common", "Common", "{C54C9A80-21C0-481C-A26F-3E556EE3A4F6}"
EndProject
Project("{9A19103F-16F7-4668-BE54-9A1E7A4F7556}") = "Common.Logging", "Common.Logging\Common.Logging.csproj", "{8A95F692-0FAF-47A4-82AC-87F827EE1B27}"
EndProject
Project("{9A19103F-16F7-4668-BE54-9A1E7A4F7556}") = "Catalog.Services.EventHandlers", "src\Services\Catalog\Catalog.Services.EventHandlers\Catalog.Services.EventHandlers.csproj", "{E4AF1BDF-6A4A-4E9B-8146-6BDF6583CFF4}"
EndProject
Project("{2150E333-8FDC-42A3-9474-1A3956D46DE8}") = "06. Testing", "06. Testing", "{A0D21C9E-8DCD-4AAD-9073-FCB7D29F4EC2}"
EndProject
Project("{9A19103F-16F7-4668-BE54-9A1E7A4F7556}") = "Catalog.Test", "src\Services\Catalog\Catalog.Test\Catalog.Test.csproj", "{11C902AE-5CC1-47BE-BB38-21D6376CCF5E}"
EndProject
Project("{2150E333-8FDC-42A3-9474-1A3956D46DE8}") = "01. Api", "01. Api", "{F564C7F1-42AF-4C52-9547-EBC889385996}"
EndProject
Project("{2150E333-8FDC-42A3-9474-1A3956D46DE8}") = "02. Services", "02. Services", "{B66D90E9-9AC2-4482-A1E4-AC90B8079DC9}"
EndProject
Project("{2150E333-8FDC-42A3-9474-1A3956D46DE8}") = "03. Models", "03. Models", "{0583B330-F879-4BD1-9870-7C1A61A5B4ED}"
EndProject
Project("{9A19103F-16F7-4668-BE54-9A1E7A4F7556}") = "Identity.Api", "src\Services\Identity\Identity.Api\Identity.Api.csproj", "{CA41FAD1-08B7-4523-A5DA-0C7C90254FD9}"
EndProject
Project("{9A19103F-16F7-4668-BE54-9A1E7A4F7556}") = "Identity.Domain", "src\Services\Identity\Identity.Domain\Identity.Domain.csproj", "{2C58EE4F-D0CD-47BC-80EE-E1990DD42FAD}"
EndProject
Project("{2150E333-8FDC-42A3-9474-1A3956D46DE8}") = "04. Persistence", "04. Persistence", "{CDC57385-EE53-42AD-A2D5-E9C7B5BF5244}"
EndProject
Project("{9A19103F-16F7-4668-BE54-9A1E7A4F7556}") = "Identity.Persistence.Database", "src\Services\Identity\Identity.Persistence.Database\Identity.Persistence.Database.csproj", "{A5167B86-E94C-4EC2-BE70-4D0E3C6E8249}"
EndProject
Project("{9A19103F-16F7-4668-BE54-9A1E7A4F7556}") = "Identity.Service.EventHandler", "src\Services\Identity\Identity.Service.EventHandler\Identity.Service.EventHandler.csproj", "{40B63B9C-E947-438C-97E4-4C38758AD603}"
EndProject
Project("{9A19103F-16F7-4668-BE54-9A1E7A4F7556}") = "Identity.Service.Queries", "src\Services\Identity\Identity.Service.Queries\Identity.Service.Queries.csproj", "{340B3502-9216-4F2D-8C17-8C2F2A34271B}"
EndProject
Project("{9A19103F-16F7-4668-BE54-9A1E7A4F7556}") = "Service.Common.Authentication", "src\Services\Service.Common.Authentication\Service.Common.Authentication.csproj", "{A600DA72-EEDD-4696-847C-2D022B97F52C}"
EndProject
Project("{2150E333-8FDC-42A3-9474-1A3956D46DE8}") = "01. Api", "01. Api", "{B15150FB-3402-440C-A0AF-D5BF0703B522}"
EndProject
Project("{2150E333-8FDC-42A3-9474-1A3956D46DE8}") = "02. Services", "02. Services", "{6CD57D6F-561E-4C30-AE25-B7778766EF31}"
EndProject
Project("{2150E333-8FDC-42A3-9474-1A3956D46DE8}") = "03. Models", "03. Models", "{9BD38941-61F7-4099-8B0D-F5E6BC12C8D0}"
EndProject
Project("{2150E333-8FDC-42A3-9474-1A3956D46DE8}") = "04. Persistence", "04. Persistence", "{C4589A70-ED79-4EA9-BA5F-294070F4738C}"
EndProject
Project("{2150E333-8FDC-42A3-9474-1A3956D46DE8}") = "01. Api", "01. Api", "{8A06433C-D428-4794-BF65-0C852F06D89E}"
EndProject
Project("{2150E333-8FDC-42A3-9474-1A3956D46DE8}") = "02. Services", "02. Services", "{8B450CA1-EEAF-47D0-B96E-4965881B9795}"
EndProject
Project("{2150E333-8FDC-42A3-9474-1A3956D46DE8}") = "03. Models", "03. Models", "{B9CB70F1-D4E0-494F-A034-E23C448ED4A5}"
EndProject
Project("{2150E333-8FDC-42A3-9474-1A3956D46DE8}") = "04. Persistence", "04. Persistence", "{90273FC5-B588-4AD2-A70F-68130D34CE2B}"
EndProject
Project("{9A19103F-16F7-4668-BE54-9A1E7A4F7556}") = "Customer.Api", "src\Services\Customer\Customer.Api\Customer.Api.csproj", "{3C9022A7-BA0C-485F-BDAB-38DDC073257F}"
EndProject
Project("{9A19103F-16F7-4668-BE54-9A1E7A4F7556}") = "Customer.Domain", "src\Services\Customer\Customer.Domain\Customer.Domain.csproj", "{5B2BE7B1-D44C-47D2-B55A-8A87BCFA6F3D}"
EndProject
Project("{9A19103F-16F7-4668-BE54-9A1E7A4F7556}") = "Customer.Persistence.Database", "src\Services\Customer\Customer.Persistence.Database\Customer.Persistence.Database.csproj", "{92FA06C1-F82D-4CC2-B024-346D4A4F9790}"
EndProject
Project("{9A19103F-16F7-4668-BE54-9A1E7A4F7556}") = "Customer.Service.EventHandlers", "src\Services\Customer\Customer.Service.EventHandlers\Customer.Service.EventHandlers.csproj", "{09D883ED-355E-400D-B5E4-7AA5AF06E622}"
EndProject
Project("{9A19103F-16F7-4668-BE54-9A1E7A4F7556}") = "Customer.Service.Queries", "src\Services\Customer\Customer.Service.Queries\Customer.Service.Queries.csproj", "{7F5C1564-5C82-4DC6-A017-B6BA2F8D8752}"
EndProject
Project("{9A19103F-16F7-4668-BE54-9A1E7A4F7556}") = "Order.Api", "src\Services\Order\Order.Api\Order.Api.csproj", "{41D3A1EE-D7DD-4642-B499-DEC1735AAD5E}"
EndProject
Project("{9A19103F-16F7-4668-BE54-9A1E7A4F7556}") = "Order.Domain", "src\Services\Order\Order.Domain\Order.Domain.csproj", "{627601C7-F463-4724-9C91-D7EA38D43FA3}"
EndProject
Project("{2150E333-8FDC-42A3-9474-1A3956D46DE8}") = "05. Common", "05. Common", "{444BD188-7028-4A18-BACC-783BD5EA8644}"
EndProject
Project("{9A19103F-16F7-4668-BE54-9A1E7A4F7556}") = "Order.Common", "src\Services\Order\Order.Common\Order.Common.csproj", "{F6DFF6BD-4FC9-4B85-B64F-BFC1BB01D257}"
EndProject
Project("{9A19103F-16F7-4668-BE54-9A1E7A4F7556}") = "Order.Persistence.Database", "src\Services\Order\Order.Persistence.Database\Order.Persistence.Database.csproj", "{41E863B6-2710-4A7D-9893-77A324AE652F}"
EndProject
Project("{9A19103F-16F7-4668-BE54-9A1E7A4F7556}") = "Order.Service.EventHandlers", "src\Services\Order\Order.Service.EventHandlers\Order.Service.EventHandlers.csproj", "{720E42F0-A8F1-49F0-BAE6-764CEFE58143}"
EndProject
Project("{9A19103F-16F7-4668-BE54-9A1E7A4F7556}") = "Order.Service.Queries", "src\Services\Order\Order.Service.Queries\Order.Service.Queries.csproj", "{A6BD8762-A07D-43E2-9F6E-60A8D0E84A9B}"
EndProject
Project("{2150E333-8FDC-42A3-9474-1A3956D46DE8}") = "APIs", "APIs", "{72AF7C89-8329-48B4-989E-1EC762ECABB9}"
EndProject
Project("{9A19103F-16F7-4668-BE54-9A1E7A4F7556}") = "Api.Gateway.WebClient", "src\Gateways\Api.Gateway.WebClient\Api.Gateway.WebClient.csproj", "{7CFAA6FE-5CEE-477E-9C8D-EC179C2C513C}"
EndProject
Project("{9A19103F-16F7-4668-BE54-9A1E7A4F7556}") = "Api.Gateway.Proxies", "src\Gateways\Api.Gateway.Proxies\Api.Gateway.Proxies.csproj", "{3D775DCA-B0B9-4AFE-ADF2-C6E082F1136E}"
EndProject
Project("{9A19103F-16F7-4668-BE54-9A1E7A4F7556}") = "Api.Gateway.Models", "src\Gateways\Api.Gateway.Models\Api.Gateway.Models.csproj", "{D9322CB6-BF08-4ED8-A8FF-B7BEC8866835}"
EndProject
Project("{9A19103F-16F7-4668-BE54-9A1E7A4F7556}") = "Order.Service.Proxies", "src\Services\Order\Order.Service.Proxies\Order.Service.Proxies.csproj", "{3E4F0DC8-51A6-4101-BF6F-80DC8D00FC97}"
EndProject
Project("{2150E333-8FDC-42A3-9474-1A3956D46DE8}") = "05. Common", "05. Common", "{78ED4B6F-9BF4-4C60-9C20-AD0EABB9A9DB}"
EndProject
Project("{9A19103F-16F7-4668-BE54-9A1E7A4F7556}") = "Identity.Common", "src\Services\Identity\Identity.Common\Identity.Common.csproj", "{57F063B3-1347-42DF-9AA3-A7088853AB44}"
EndProject
Project("{2150E333-8FDC-42A3-9474-1A3956D46DE8}") = "05. Inventory", "05. Inventory", "{E1CE5129-497E-4B7C-8962-D3E65BE901AF}"
EndProject
Project("{2150E333-8FDC-42A3-9474-1A3956D46DE8}") = "01. Api", "01. Api", "{5C1A7823-0728-4F3F-A1E3-2F5382E7C894}"
EndProject
Project("{2150E333-8FDC-42A3-9474-1A3956D46DE8}") = "02. Services", "02. Services", "{06485274-7749-49E1-B0E6-E61F02ED87CC}"
EndProject
Project("{2150E333-8FDC-42A3-9474-1A3956D46DE8}") = "03. Models", "03. Models", "{075D2BB4-92D5-4F7F-8DFC-2008CFB6C84E}"
EndProject
Project("{2150E333-8FDC-42A3-9474-1A3956D46DE8}") = "04. Persistence", "04. Persistence", "{80296A94-DE21-4840-8CCA-5C41858DE4B6}"
EndProject
Project("{2150E333-8FDC-42A3-9474-1A3956D46DE8}") = "05. Common", "05. Common", "{547B10C4-52D5-4F84-B85B-D6D20FD216CB}"
EndProject
Project("{2150E333-8FDC-42A3-9474-1A3956D46DE8}") = "06. Invoice", "06. Invoice", "{5501A5CA-D0DA-4E9E-A753-6C75C9895C6C}"
EndProject
Project("{2150E333-8FDC-42A3-9474-1A3956D46DE8}") = "01. Api", "01. Api", "{075E2960-77D2-4D48-89D9-C511D9EC66D5}"
EndProject
Project("{2150E333-8FDC-42A3-9474-1A3956D46DE8}") = "02. Sevices", "02. Sevices", "{D56853F1-90F3-48BF-8A50-4624995DFE2F}"
EndProject
Project("{2150E333-8FDC-42A3-9474-1A3956D46DE8}") = "03. Models", "03. Models", "{061965EF-E3AD-4630-978C-425B8E0660B2}"
EndProject
Project("{2150E333-8FDC-42A3-9474-1A3956D46DE8}") = "04. Persistence", "04. Persistence", "{4C2EAC67-51B6-442E-99B9-4C27002EEAFD}"
EndProject
Project("{2150E333-8FDC-42A3-9474-1A3956D46DE8}") = "05. Common", "05. Common", "{75AF1CF4-8263-4CC0-BEC5-99C58671B7AF}"
EndProject
Project("{2150E333-8FDC-42A3-9474-1A3956D46DE8}") = "07. Listeners", "07. Listeners", "{0A586DAB-9364-4E90-AC10-602117EEB5C7}"
EndProject
Project("{FAE04EC0-301F-11D3-BF4B-00C04F79EFBC}") = "Catalog.Listener", "src\Services\Catalog\Catalog.Listener\Catalog.Listener.csproj", "{E3E31AFB-DAF6-49C0-B7A8-DB8C265D2109}"
EndProject
Global
	GlobalSection(SolutionConfigurationPlatforms) = preSolution
		Debug|Any CPU = Debug|Any CPU
		Release|Any CPU = Release|Any CPU
	EndGlobalSection
	GlobalSection(ProjectConfigurationPlatforms) = postSolution
		{684653BE-AF16-4A70-92B2-BEE65F1A9854}.Debug|Any CPU.ActiveCfg = Debug|Any CPU
		{684653BE-AF16-4A70-92B2-BEE65F1A9854}.Debug|Any CPU.Build.0 = Debug|Any CPU
		{684653BE-AF16-4A70-92B2-BEE65F1A9854}.Release|Any CPU.ActiveCfg = Release|Any CPU
		{684653BE-AF16-4A70-92B2-BEE65F1A9854}.Release|Any CPU.Build.0 = Release|Any CPU
		{9195B9C5-86FF-4E84-BDA3-DE2C34346C19}.Debug|Any CPU.ActiveCfg = Debug|Any CPU
		{9195B9C5-86FF-4E84-BDA3-DE2C34346C19}.Debug|Any CPU.Build.0 = Debug|Any CPU
		{9195B9C5-86FF-4E84-BDA3-DE2C34346C19}.Release|Any CPU.ActiveCfg = Release|Any CPU
		{9195B9C5-86FF-4E84-BDA3-DE2C34346C19}.Release|Any CPU.Build.0 = Release|Any CPU
		{66EC7E1B-3BFD-4416-97A9-23C5336B0BBA}.Debug|Any CPU.ActiveCfg = Debug|Any CPU
		{66EC7E1B-3BFD-4416-97A9-23C5336B0BBA}.Debug|Any CPU.Build.0 = Debug|Any CPU
		{66EC7E1B-3BFD-4416-97A9-23C5336B0BBA}.Release|Any CPU.ActiveCfg = Release|Any CPU
		{66EC7E1B-3BFD-4416-97A9-23C5336B0BBA}.Release|Any CPU.Build.0 = Release|Any CPU
		{66FC9572-79C9-4F76-900C-8AABA3BF20AA}.Debug|Any CPU.ActiveCfg = Debug|Any CPU
		{66FC9572-79C9-4F76-900C-8AABA3BF20AA}.Debug|Any CPU.Build.0 = Debug|Any CPU
		{66FC9572-79C9-4F76-900C-8AABA3BF20AA}.Release|Any CPU.ActiveCfg = Release|Any CPU
		{66FC9572-79C9-4F76-900C-8AABA3BF20AA}.Release|Any CPU.Build.0 = Release|Any CPU
		{0007A26A-0AD7-4BD9-8353-7EFCD7B3855A}.Debug|Any CPU.ActiveCfg = Debug|Any CPU
		{0007A26A-0AD7-4BD9-8353-7EFCD7B3855A}.Debug|Any CPU.Build.0 = Debug|Any CPU
		{0007A26A-0AD7-4BD9-8353-7EFCD7B3855A}.Release|Any CPU.ActiveCfg = Release|Any CPU
		{0007A26A-0AD7-4BD9-8353-7EFCD7B3855A}.Release|Any CPU.Build.0 = Release|Any CPU
		{8D07EE98-8DA4-4EAB-908D-12AA327A7DBA}.Debug|Any CPU.ActiveCfg = Debug|Any CPU
		{8D07EE98-8DA4-4EAB-908D-12AA327A7DBA}.Debug|Any CPU.Build.0 = Debug|Any CPU
		{8D07EE98-8DA4-4EAB-908D-12AA327A7DBA}.Release|Any CPU.ActiveCfg = Release|Any CPU
		{8D07EE98-8DA4-4EAB-908D-12AA327A7DBA}.Release|Any CPU.Build.0 = Release|Any CPU
		{90A06D6A-9511-4C64-B3DF-FA4D75E5B437}.Debug|Any CPU.ActiveCfg = Debug|Any CPU
		{90A06D6A-9511-4C64-B3DF-FA4D75E5B437}.Debug|Any CPU.Build.0 = Debug|Any CPU
		{90A06D6A-9511-4C64-B3DF-FA4D75E5B437}.Release|Any CPU.ActiveCfg = Release|Any CPU
		{90A06D6A-9511-4C64-B3DF-FA4D75E5B437}.Release|Any CPU.Build.0 = Release|Any CPU
		{703BF253-92C9-47DD-996A-B4B2B7BBEEAB}.Debug|Any CPU.ActiveCfg = Debug|Any CPU
		{703BF253-92C9-47DD-996A-B4B2B7BBEEAB}.Debug|Any CPU.Build.0 = Debug|Any CPU
		{703BF253-92C9-47DD-996A-B4B2B7BBEEAB}.Release|Any CPU.ActiveCfg = Release|Any CPU
		{703BF253-92C9-47DD-996A-B4B2B7BBEEAB}.Release|Any CPU.Build.0 = Release|Any CPU
		{8A95F692-0FAF-47A4-82AC-87F827EE1B27}.Debug|Any CPU.ActiveCfg = Debug|Any CPU
		{8A95F692-0FAF-47A4-82AC-87F827EE1B27}.Debug|Any CPU.Build.0 = Debug|Any CPU
		{8A95F692-0FAF-47A4-82AC-87F827EE1B27}.Release|Any CPU.ActiveCfg = Release|Any CPU
		{8A95F692-0FAF-47A4-82AC-87F827EE1B27}.Release|Any CPU.Build.0 = Release|Any CPU
		{E4AF1BDF-6A4A-4E9B-8146-6BDF6583CFF4}.Debug|Any CPU.ActiveCfg = Debug|Any CPU
		{E4AF1BDF-6A4A-4E9B-8146-6BDF6583CFF4}.Debug|Any CPU.Build.0 = Debug|Any CPU
		{E4AF1BDF-6A4A-4E9B-8146-6BDF6583CFF4}.Release|Any CPU.ActiveCfg = Release|Any CPU
		{E4AF1BDF-6A4A-4E9B-8146-6BDF6583CFF4}.Release|Any CPU.Build.0 = Release|Any CPU
		{11C902AE-5CC1-47BE-BB38-21D6376CCF5E}.Debug|Any CPU.ActiveCfg = Debug|Any CPU
		{11C902AE-5CC1-47BE-BB38-21D6376CCF5E}.Debug|Any CPU.Build.0 = Debug|Any CPU
		{11C902AE-5CC1-47BE-BB38-21D6376CCF5E}.Release|Any CPU.ActiveCfg = Release|Any CPU
		{11C902AE-5CC1-47BE-BB38-21D6376CCF5E}.Release|Any CPU.Build.0 = Release|Any CPU
		{CA41FAD1-08B7-4523-A5DA-0C7C90254FD9}.Debug|Any CPU.ActiveCfg = Debug|Any CPU
		{CA41FAD1-08B7-4523-A5DA-0C7C90254FD9}.Debug|Any CPU.Build.0 = Debug|Any CPU
		{CA41FAD1-08B7-4523-A5DA-0C7C90254FD9}.Release|Any CPU.ActiveCfg = Release|Any CPU
		{CA41FAD1-08B7-4523-A5DA-0C7C90254FD9}.Release|Any CPU.Build.0 = Release|Any CPU
		{2C58EE4F-D0CD-47BC-80EE-E1990DD42FAD}.Debug|Any CPU.ActiveCfg = Debug|Any CPU
		{2C58EE4F-D0CD-47BC-80EE-E1990DD42FAD}.Debug|Any CPU.Build.0 = Debug|Any CPU
		{2C58EE4F-D0CD-47BC-80EE-E1990DD42FAD}.Release|Any CPU.ActiveCfg = Release|Any CPU
		{2C58EE4F-D0CD-47BC-80EE-E1990DD42FAD}.Release|Any CPU.Build.0 = Release|Any CPU
		{A5167B86-E94C-4EC2-BE70-4D0E3C6E8249}.Debug|Any CPU.ActiveCfg = Debug|Any CPU
		{A5167B86-E94C-4EC2-BE70-4D0E3C6E8249}.Debug|Any CPU.Build.0 = Debug|Any CPU
		{A5167B86-E94C-4EC2-BE70-4D0E3C6E8249}.Release|Any CPU.ActiveCfg = Release|Any CPU
		{A5167B86-E94C-4EC2-BE70-4D0E3C6E8249}.Release|Any CPU.Build.0 = Release|Any CPU
		{40B63B9C-E947-438C-97E4-4C38758AD603}.Debug|Any CPU.ActiveCfg = Debug|Any CPU
		{40B63B9C-E947-438C-97E4-4C38758AD603}.Debug|Any CPU.Build.0 = Debug|Any CPU
		{40B63B9C-E947-438C-97E4-4C38758AD603}.Release|Any CPU.ActiveCfg = Release|Any CPU
		{40B63B9C-E947-438C-97E4-4C38758AD603}.Release|Any CPU.Build.0 = Release|Any CPU
		{340B3502-9216-4F2D-8C17-8C2F2A34271B}.Debug|Any CPU.ActiveCfg = Debug|Any CPU
		{340B3502-9216-4F2D-8C17-8C2F2A34271B}.Debug|Any CPU.Build.0 = Debug|Any CPU
		{340B3502-9216-4F2D-8C17-8C2F2A34271B}.Release|Any CPU.ActiveCfg = Release|Any CPU
		{340B3502-9216-4F2D-8C17-8C2F2A34271B}.Release|Any CPU.Build.0 = Release|Any CPU
		{A600DA72-EEDD-4696-847C-2D022B97F52C}.Debug|Any CPU.ActiveCfg = Debug|Any CPU
		{A600DA72-EEDD-4696-847C-2D022B97F52C}.Debug|Any CPU.Build.0 = Debug|Any CPU
		{A600DA72-EEDD-4696-847C-2D022B97F52C}.Release|Any CPU.ActiveCfg = Release|Any CPU
		{A600DA72-EEDD-4696-847C-2D022B97F52C}.Release|Any CPU.Build.0 = Release|Any CPU
		{3C9022A7-BA0C-485F-BDAB-38DDC073257F}.Debug|Any CPU.ActiveCfg = Debug|Any CPU
		{3C9022A7-BA0C-485F-BDAB-38DDC073257F}.Debug|Any CPU.Build.0 = Debug|Any CPU
		{3C9022A7-BA0C-485F-BDAB-38DDC073257F}.Release|Any CPU.ActiveCfg = Release|Any CPU
		{3C9022A7-BA0C-485F-BDAB-38DDC073257F}.Release|Any CPU.Build.0 = Release|Any CPU
		{5B2BE7B1-D44C-47D2-B55A-8A87BCFA6F3D}.Debug|Any CPU.ActiveCfg = Debug|Any CPU
		{5B2BE7B1-D44C-47D2-B55A-8A87BCFA6F3D}.Debug|Any CPU.Build.0 = Debug|Any CPU
		{5B2BE7B1-D44C-47D2-B55A-8A87BCFA6F3D}.Release|Any CPU.ActiveCfg = Release|Any CPU
		{5B2BE7B1-D44C-47D2-B55A-8A87BCFA6F3D}.Release|Any CPU.Build.0 = Release|Any CPU
		{92FA06C1-F82D-4CC2-B024-346D4A4F9790}.Debug|Any CPU.ActiveCfg = Debug|Any CPU
		{92FA06C1-F82D-4CC2-B024-346D4A4F9790}.Debug|Any CPU.Build.0 = Debug|Any CPU
		{92FA06C1-F82D-4CC2-B024-346D4A4F9790}.Release|Any CPU.ActiveCfg = Release|Any CPU
		{92FA06C1-F82D-4CC2-B024-346D4A4F9790}.Release|Any CPU.Build.0 = Release|Any CPU
		{09D883ED-355E-400D-B5E4-7AA5AF06E622}.Debug|Any CPU.ActiveCfg = Debug|Any CPU
		{09D883ED-355E-400D-B5E4-7AA5AF06E622}.Debug|Any CPU.Build.0 = Debug|Any CPU
		{09D883ED-355E-400D-B5E4-7AA5AF06E622}.Release|Any CPU.ActiveCfg = Release|Any CPU
		{09D883ED-355E-400D-B5E4-7AA5AF06E622}.Release|Any CPU.Build.0 = Release|Any CPU
		{7F5C1564-5C82-4DC6-A017-B6BA2F8D8752}.Debug|Any CPU.ActiveCfg = Debug|Any CPU
		{7F5C1564-5C82-4DC6-A017-B6BA2F8D8752}.Debug|Any CPU.Build.0 = Debug|Any CPU
		{7F5C1564-5C82-4DC6-A017-B6BA2F8D8752}.Release|Any CPU.ActiveCfg = Release|Any CPU
		{7F5C1564-5C82-4DC6-A017-B6BA2F8D8752}.Release|Any CPU.Build.0 = Release|Any CPU
		{41D3A1EE-D7DD-4642-B499-DEC1735AAD5E}.Debug|Any CPU.ActiveCfg = Debug|Any CPU
		{41D3A1EE-D7DD-4642-B499-DEC1735AAD5E}.Debug|Any CPU.Build.0 = Debug|Any CPU
		{41D3A1EE-D7DD-4642-B499-DEC1735AAD5E}.Release|Any CPU.ActiveCfg = Release|Any CPU
		{41D3A1EE-D7DD-4642-B499-DEC1735AAD5E}.Release|Any CPU.Build.0 = Release|Any CPU
		{627601C7-F463-4724-9C91-D7EA38D43FA3}.Debug|Any CPU.ActiveCfg = Debug|Any CPU
		{627601C7-F463-4724-9C91-D7EA38D43FA3}.Debug|Any CPU.Build.0 = Debug|Any CPU
		{627601C7-F463-4724-9C91-D7EA38D43FA3}.Release|Any CPU.ActiveCfg = Release|Any CPU
		{627601C7-F463-4724-9C91-D7EA38D43FA3}.Release|Any CPU.Build.0 = Release|Any CPU
		{F6DFF6BD-4FC9-4B85-B64F-BFC1BB01D257}.Debug|Any CPU.ActiveCfg = Debug|Any CPU
		{F6DFF6BD-4FC9-4B85-B64F-BFC1BB01D257}.Debug|Any CPU.Build.0 = Debug|Any CPU
		{F6DFF6BD-4FC9-4B85-B64F-BFC1BB01D257}.Release|Any CPU.ActiveCfg = Release|Any CPU
		{F6DFF6BD-4FC9-4B85-B64F-BFC1BB01D257}.Release|Any CPU.Build.0 = Release|Any CPU
		{41E863B6-2710-4A7D-9893-77A324AE652F}.Debug|Any CPU.ActiveCfg = Debug|Any CPU
		{41E863B6-2710-4A7D-9893-77A324AE652F}.Debug|Any CPU.Build.0 = Debug|Any CPU
		{41E863B6-2710-4A7D-9893-77A324AE652F}.Release|Any CPU.ActiveCfg = Release|Any CPU
		{41E863B6-2710-4A7D-9893-77A324AE652F}.Release|Any CPU.Build.0 = Release|Any CPU
		{720E42F0-A8F1-49F0-BAE6-764CEFE58143}.Debug|Any CPU.ActiveCfg = Debug|Any CPU
		{720E42F0-A8F1-49F0-BAE6-764CEFE58143}.Debug|Any CPU.Build.0 = Debug|Any CPU
		{720E42F0-A8F1-49F0-BAE6-764CEFE58143}.Release|Any CPU.ActiveCfg = Release|Any CPU
		{720E42F0-A8F1-49F0-BAE6-764CEFE58143}.Release|Any CPU.Build.0 = Release|Any CPU
		{A6BD8762-A07D-43E2-9F6E-60A8D0E84A9B}.Debug|Any CPU.ActiveCfg = Debug|Any CPU
		{A6BD8762-A07D-43E2-9F6E-60A8D0E84A9B}.Debug|Any CPU.Build.0 = Debug|Any CPU
		{A6BD8762-A07D-43E2-9F6E-60A8D0E84A9B}.Release|Any CPU.ActiveCfg = Release|Any CPU
		{A6BD8762-A07D-43E2-9F6E-60A8D0E84A9B}.Release|Any CPU.Build.0 = Release|Any CPU
		{7CFAA6FE-5CEE-477E-9C8D-EC179C2C513C}.Debug|Any CPU.ActiveCfg = Debug|Any CPU
		{7CFAA6FE-5CEE-477E-9C8D-EC179C2C513C}.Debug|Any CPU.Build.0 = Debug|Any CPU
		{7CFAA6FE-5CEE-477E-9C8D-EC179C2C513C}.Release|Any CPU.ActiveCfg = Release|Any CPU
		{7CFAA6FE-5CEE-477E-9C8D-EC179C2C513C}.Release|Any CPU.Build.0 = Release|Any CPU
		{3D775DCA-B0B9-4AFE-ADF2-C6E082F1136E}.Debug|Any CPU.ActiveCfg = Debug|Any CPU
		{3D775DCA-B0B9-4AFE-ADF2-C6E082F1136E}.Debug|Any CPU.Build.0 = Debug|Any CPU
		{3D775DCA-B0B9-4AFE-ADF2-C6E082F1136E}.Release|Any CPU.ActiveCfg = Release|Any CPU
		{3D775DCA-B0B9-4AFE-ADF2-C6E082F1136E}.Release|Any CPU.Build.0 = Release|Any CPU
		{D9322CB6-BF08-4ED8-A8FF-B7BEC8866835}.Debug|Any CPU.ActiveCfg = Debug|Any CPU
		{D9322CB6-BF08-4ED8-A8FF-B7BEC8866835}.Debug|Any CPU.Build.0 = Debug|Any CPU
		{D9322CB6-BF08-4ED8-A8FF-B7BEC8866835}.Release|Any CPU.ActiveCfg = Release|Any CPU
		{D9322CB6-BF08-4ED8-A8FF-B7BEC8866835}.Release|Any CPU.Build.0 = Release|Any CPU
		{3E4F0DC8-51A6-4101-BF6F-80DC8D00FC97}.Debug|Any CPU.ActiveCfg = Debug|Any CPU
		{3E4F0DC8-51A6-4101-BF6F-80DC8D00FC97}.Debug|Any CPU.Build.0 = Debug|Any CPU
		{3E4F0DC8-51A6-4101-BF6F-80DC8D00FC97}.Release|Any CPU.ActiveCfg = Release|Any CPU
		{3E4F0DC8-51A6-4101-BF6F-80DC8D00FC97}.Release|Any CPU.Build.0 = Release|Any CPU
		{57F063B3-1347-42DF-9AA3-A7088853AB44}.Debug|Any CPU.ActiveCfg = Debug|Any CPU
		{57F063B3-1347-42DF-9AA3-A7088853AB44}.Debug|Any CPU.Build.0 = Debug|Any CPU
		{57F063B3-1347-42DF-9AA3-A7088853AB44}.Release|Any CPU.ActiveCfg = Release|Any CPU
		{57F063B3-1347-42DF-9AA3-A7088853AB44}.Release|Any CPU.Build.0 = Release|Any CPU
		{E3E31AFB-DAF6-49C0-B7A8-DB8C265D2109}.Debug|Any CPU.ActiveCfg = Debug|Any CPU
		{E3E31AFB-DAF6-49C0-B7A8-DB8C265D2109}.Debug|Any CPU.Build.0 = Debug|Any CPU
		{E3E31AFB-DAF6-49C0-B7A8-DB8C265D2109}.Release|Any CPU.ActiveCfg = Release|Any CPU
		{E3E31AFB-DAF6-49C0-B7A8-DB8C265D2109}.Release|Any CPU.Build.0 = Release|Any CPU
	EndGlobalSection
	GlobalSection(SolutionProperties) = preSolution
		HideSolutionNode = FALSE
	EndGlobalSection
	GlobalSection(NestedProjects) = preSolution
		{E4E33734-8346-4107-B85F-50E2F95E9188} = {262BB5E9-0F0B-4122-9A95-E6730542080D}
		{B7B9FDDC-7540-4E47-844C-5F5D5CA8E207} = {262BB5E9-0F0B-4122-9A95-E6730542080D}
		{081DEF90-BDAC-49A0-BC14-C08F5D0FA004} = {262BB5E9-0F0B-4122-9A95-E6730542080D}
		{B8CF2089-D828-494E-AD74-ABFE8D6D6D1A} = {262BB5E9-0F0B-4122-9A95-E6730542080D}
		{684653BE-AF16-4A70-92B2-BEE65F1A9854} = {78255782-7C07-45BC-9D0E-CF6488E06870}
		{78255782-7C07-45BC-9D0E-CF6488E06870} = {B7B9FDDC-7540-4E47-844C-5F5D5CA8E207}
		{7BBFA6F7-DA78-42F3-85FB-70A61611D861} = {B7B9FDDC-7540-4E47-844C-5F5D5CA8E207}
		{50AC55DC-9675-4610-BE8E-262370C77996} = {B7B9FDDC-7540-4E47-844C-5F5D5CA8E207}
		{AD26D0BB-2C93-4873-9596-A8737422E87F} = {B7B9FDDC-7540-4E47-844C-5F5D5CA8E207}
		{9195B9C5-86FF-4E84-BDA3-DE2C34346C19} = {AD26D0BB-2C93-4873-9596-A8737422E87F}
		{66EC7E1B-3BFD-4416-97A9-23C5336B0BBA} = {50AC55DC-9675-4610-BE8E-262370C77996}
		{66FC9572-79C9-4F76-900C-8AABA3BF20AA} = {7BBFA6F7-DA78-42F3-85FB-70A61611D861}
		{C2D117BE-88D9-4733-8D74-93CDE0C4D874} = {262BB5E9-0F0B-4122-9A95-E6730542080D}
		{0007A26A-0AD7-4BD9-8353-7EFCD7B3855A} = {C2D117BE-88D9-4733-8D74-93CDE0C4D874}
		{8D07EE98-8DA4-4EAB-908D-12AA327A7DBA} = {C2D117BE-88D9-4733-8D74-93CDE0C4D874}
		{90A06D6A-9511-4C64-B3DF-FA4D75E5B437} = {C2D117BE-88D9-4733-8D74-93CDE0C4D874}
		{1EFEAA9B-CCDC-4CE2-9325-8C69ACC61034} = {B7B9FDDC-7540-4E47-844C-5F5D5CA8E207}
		{703BF253-92C9-47DD-996A-B4B2B7BBEEAB} = {1EFEAA9B-CCDC-4CE2-9325-8C69ACC61034}
		{8A95F692-0FAF-47A4-82AC-87F827EE1B27} = {C54C9A80-21C0-481C-A26F-3E556EE3A4F6}
		{E4AF1BDF-6A4A-4E9B-8146-6BDF6583CFF4} = {7BBFA6F7-DA78-42F3-85FB-70A61611D861}
		{A0D21C9E-8DCD-4AAD-9073-FCB7D29F4EC2} = {B7B9FDDC-7540-4E47-844C-5F5D5CA8E207}
		{11C902AE-5CC1-47BE-BB38-21D6376CCF5E} = {A0D21C9E-8DCD-4AAD-9073-FCB7D29F4EC2}
		{F564C7F1-42AF-4C52-9547-EBC889385996} = {E4E33734-8346-4107-B85F-50E2F95E9188}
		{B66D90E9-9AC2-4482-A1E4-AC90B8079DC9} = {E4E33734-8346-4107-B85F-50E2F95E9188}
		{0583B330-F879-4BD1-9870-7C1A61A5B4ED} = {E4E33734-8346-4107-B85F-50E2F95E9188}
		{CA41FAD1-08B7-4523-A5DA-0C7C90254FD9} = {F564C7F1-42AF-4C52-9547-EBC889385996}
		{2C58EE4F-D0CD-47BC-80EE-E1990DD42FAD} = {0583B330-F879-4BD1-9870-7C1A61A5B4ED}
		{CDC57385-EE53-42AD-A2D5-E9C7B5BF5244} = {E4E33734-8346-4107-B85F-50E2F95E9188}
		{A5167B86-E94C-4EC2-BE70-4D0E3C6E8249} = {CDC57385-EE53-42AD-A2D5-E9C7B5BF5244}
		{40B63B9C-E947-438C-97E4-4C38758AD603} = {B66D90E9-9AC2-4482-A1E4-AC90B8079DC9}
		{340B3502-9216-4F2D-8C17-8C2F2A34271B} = {B66D90E9-9AC2-4482-A1E4-AC90B8079DC9}
		{A600DA72-EEDD-4696-847C-2D022B97F52C} = {C2D117BE-88D9-4733-8D74-93CDE0C4D874}
		{B15150FB-3402-440C-A0AF-D5BF0703B522} = {081DEF90-BDAC-49A0-BC14-C08F5D0FA004}
		{6CD57D6F-561E-4C30-AE25-B7778766EF31} = {081DEF90-BDAC-49A0-BC14-C08F5D0FA004}
		{9BD38941-61F7-4099-8B0D-F5E6BC12C8D0} = {081DEF90-BDAC-49A0-BC14-C08F5D0FA004}
		{C4589A70-ED79-4EA9-BA5F-294070F4738C} = {081DEF90-BDAC-49A0-BC14-C08F5D0FA004}
		{8A06433C-D428-4794-BF65-0C852F06D89E} = {B8CF2089-D828-494E-AD74-ABFE8D6D6D1A}
		{8B450CA1-EEAF-47D0-B96E-4965881B9795} = {B8CF2089-D828-494E-AD74-ABFE8D6D6D1A}
		{B9CB70F1-D4E0-494F-A034-E23C448ED4A5} = {B8CF2089-D828-494E-AD74-ABFE8D6D6D1A}
		{90273FC5-B588-4AD2-A70F-68130D34CE2B} = {B8CF2089-D828-494E-AD74-ABFE8D6D6D1A}
		{3C9022A7-BA0C-485F-BDAB-38DDC073257F} = {B15150FB-3402-440C-A0AF-D5BF0703B522}
		{5B2BE7B1-D44C-47D2-B55A-8A87BCFA6F3D} = {9BD38941-61F7-4099-8B0D-F5E6BC12C8D0}
		{92FA06C1-F82D-4CC2-B024-346D4A4F9790} = {C4589A70-ED79-4EA9-BA5F-294070F4738C}
		{09D883ED-355E-400D-B5E4-7AA5AF06E622} = {6CD57D6F-561E-4C30-AE25-B7778766EF31}
		{7F5C1564-5C82-4DC6-A017-B6BA2F8D8752} = {6CD57D6F-561E-4C30-AE25-B7778766EF31}
		{41D3A1EE-D7DD-4642-B499-DEC1735AAD5E} = {8A06433C-D428-4794-BF65-0C852F06D89E}
		{627601C7-F463-4724-9C91-D7EA38D43FA3} = {B9CB70F1-D4E0-494F-A034-E23C448ED4A5}
		{444BD188-7028-4A18-BACC-783BD5EA8644} = {B8CF2089-D828-494E-AD74-ABFE8D6D6D1A}
		{F6DFF6BD-4FC9-4B85-B64F-BFC1BB01D257} = {444BD188-7028-4A18-BACC-783BD5EA8644}
		{41E863B6-2710-4A7D-9893-77A324AE652F} = {90273FC5-B588-4AD2-A70F-68130D34CE2B}
		{720E42F0-A8F1-49F0-BAE6-764CEFE58143} = {8B450CA1-EEAF-47D0-B96E-4965881B9795}
		{A6BD8762-A07D-43E2-9F6E-60A8D0E84A9B} = {8B450CA1-EEAF-47D0-B96E-4965881B9795}
		{72AF7C89-8329-48B4-989E-1EC762ECABB9} = {E05C8382-01E8-47BB-AA1C-3290C0262BF2}
		{7CFAA6FE-5CEE-477E-9C8D-EC179C2C513C} = {72AF7C89-8329-48B4-989E-1EC762ECABB9}
		{3D775DCA-B0B9-4AFE-ADF2-C6E082F1136E} = {E05C8382-01E8-47BB-AA1C-3290C0262BF2}
		{D9322CB6-BF08-4ED8-A8FF-B7BEC8866835} = {E05C8382-01E8-47BB-AA1C-3290C0262BF2}
		{3E4F0DC8-51A6-4101-BF6F-80DC8D00FC97} = {8B450CA1-EEAF-47D0-B96E-4965881B9795}
		{78ED4B6F-9BF4-4C60-9C20-AD0EABB9A9DB} = {E4E33734-8346-4107-B85F-50E2F95E9188}
		{57F063B3-1347-42DF-9AA3-A7088853AB44} = {78ED4B6F-9BF4-4C60-9C20-AD0EABB9A9DB}
		{E1CE5129-497E-4B7C-8962-D3E65BE901AF} = {262BB5E9-0F0B-4122-9A95-E6730542080D}
		{5C1A7823-0728-4F3F-A1E3-2F5382E7C894} = {E1CE5129-497E-4B7C-8962-D3E65BE901AF}
		{06485274-7749-49E1-B0E6-E61F02ED87CC} = {E1CE5129-497E-4B7C-8962-D3E65BE901AF}
		{075D2BB4-92D5-4F7F-8DFC-2008CFB6C84E} = {E1CE5129-497E-4B7C-8962-D3E65BE901AF}
		{80296A94-DE21-4840-8CCA-5C41858DE4B6} = {E1CE5129-497E-4B7C-8962-D3E65BE901AF}
		{547B10C4-52D5-4F84-B85B-D6D20FD216CB} = {E1CE5129-497E-4B7C-8962-D3E65BE901AF}
		{5501A5CA-D0DA-4E9E-A753-6C75C9895C6C} = {262BB5E9-0F0B-4122-9A95-E6730542080D}
		{075E2960-77D2-4D48-89D9-C511D9EC66D5} = {5501A5CA-D0DA-4E9E-A753-6C75C9895C6C}
		{D56853F1-90F3-48BF-8A50-4624995DFE2F} = {5501A5CA-D0DA-4E9E-A753-6C75C9895C6C}
		{061965EF-E3AD-4630-978C-425B8E0660B2} = {5501A5CA-D0DA-4E9E-A753-6C75C9895C6C}
		{4C2EAC67-51B6-442E-99B9-4C27002EEAFD} = {5501A5CA-D0DA-4E9E-A753-6C75C9895C6C}
		{75AF1CF4-8263-4CC0-BEC5-99C58671B7AF} = {5501A5CA-D0DA-4E9E-A753-6C75C9895C6C}
		{0A586DAB-9364-4E90-AC10-602117EEB5C7} = {B7B9FDDC-7540-4E47-844C-5F5D5CA8E207}
		{E3E31AFB-DAF6-49C0-B7A8-DB8C265D2109} = {0A586DAB-9364-4E90-AC10-602117EEB5C7}
	EndGlobalSection
	GlobalSection(ExtensibilityGlobals) = postSolution
		SolutionGuid = {3C118DF1-2D43-4466-9927-D72B38631DCA}
	EndGlobalSection
EndGlobal
